{
  "lockfile_version": "1",
  "packages": {
    "antigen@latest": {
      "last_modified": "2026-08-27T07:16:00Z",
      "resolved": "github:NixOS/nixpkgs/c27cdad491a991b11ed731760aa2ef8db0cb0410#antigen",
      "source": "devbox-search",
      "version": "2.2.3",
      "systems": {
        "aarch64-darwin": {
          "outputs": [
            {
              "name": "out",
              "path": "/nix/store/p805jgm3sydvfs3wrj7q06byxifxkp9h-antigen-2.2.3",
              "default": true
            }
          ],
          "store_path": "/nix/store/p805jgm3sydvfs3wrj7q06byxifxkp9h-antigen-2.2.3"
        },
        "aarch64-linux": {
          "outputs": [
            {
              "name": "out",
              "path": "/nix/store/abiw4ysi19xb1nn7jf9z1z7cslcpc7in-antigen-2.2.3",
              "default": true
            }
          ],
          "store_path": "/nix/store/abiw4ysi19xb1nn7jf9z1z7cslcpc7in-antigen-2.2.3"
        },
        "x86_64-darwin": {
          "outputs": [
            {
              "name": "out",
              "path": "/nix/store/jd813p7c2qivfi8q78n27rh75wmwrsjd-antigen-2.2.3",
              "default": true
            }
          ],
          "store_path": "/nix/store/jd813p7c2qivfi8q78n27rh75wmwrsjd-antigen-2.2.3"
        },
        "x86_64-linux": {
          "outputs": [
            {
              "name": "out",
              "path": "/nix/store/jdkmp9aal3nahwwp64v3cljqh8j46ln4-antigen-2.2.3",
              "default": true
            }
          ],
          "store_path": "/nix/store/jdkmp9aal3nahwwp64v3cljqh8j46ln4-antigen-2.2.3"
        }
      }
    },
    "bat@latest": {
      "last_modified": "2026-08-27T07:16:00Z",
      "resolved": "github:NixOS/nixpkgs/c27cdad491a991b11ed731760aa2ef8db0cb0410#bat",
      "source": "devbox-search",
      "version": "0.26.1",
      "systems": {
        "aarch64-darwin": {
          "outputs": [
            {
              "name": "out",
              "path": "/nix/store/d0pl8kdk409p54fk4d0hajrcacjc6rlb-bat-0.26.1",
              "default": true
            }
          ],
          "store_path": "/nix/store/d0pl8kdk409p54fk4d0hajrcacjc6rlb-bat-0.26.1"
        },
        "aarch64-linux": {
          "outputs": [
            {
              "name": "out",
              "path": "/nix/store/7nrnk2ljv9hyvwc0s8gab6z6mb1w0v3v-bat-0.26.1",
              "default": true
            }
          ],
          "store_path": "/nix/store/7nrnk2ljv9hyvwc0s8gab6z6mb1w0v3v-bat-0.26.1"
        },
        "x86_64-darwin": {
          "outputs": [
            {
              "name": "out",
              "path": "/nix/store/83yqdzp8y87zqqhi9jqzp2xdgj6wm4ms-bat-0.26.1",
              "default": true
            }
          ],
          "store_path": "/nix/store/83yqdzp8y87zqqhi9jqzp2xdgj6wm4ms-bat-0.26.1"
        },
        "x86_64-linux": {
          "outputs": [
            {
              "name": "out",
              "path": "/nix/store/3lf1lbkbr8rlvqr1bh3k826j0z9sq1wj-bat-0.26.1",
              "default": true
            }
          ],
          "store_path": "/nix/store/3lf1lbkbr8rlvqr1bh3k826j0z9sq1wj-bat-0.26.1"
        }
      }
    },
    "bun@latest": {
      "last_modified": "2026-08-27T07:16:00Z",
      "resolved": "github:NixOS/nixpkgs/c27cdad491a991b11ed731760aa2ef8db0cb0410#bun",
      "source": "devbox-search",
      "version": "1.3.13",
      "systems": {
        "aarch64-darwin": {
          "outputs": [
            {
              "name": "out",
              "path": "/nix/store/r4svrxgw5kys9g187dzcaj8yvc6dzm65-bun-1.3.13",
              "default": true
            }
          ],
          "store_path": "/nix/store/r4svrxgw5kys9g187dzcaj8yvc6dzm65-bun-1.3.13"
        },
        "aarch64-linux": {
          "outputs": [
            {
              "name": "out",
              "path": "/nix/store/p9a0b8bh0iv9g1qszfvi9n2k7aj7ypyh-bun-1.3.13",
              "default": true
            }
          ],
          "store_path": "/nix/store/p9a0b8bh0iv9g1qszfvi9n2k7aj7ypyh-bun-1.3.13"
        },
        "x86_64-darwin": {
          "outputs": [
            {
              "name": "out",
              "path": "/nix/store/wn9cggwqflvqryxxb9xinl9iygndm8d9-bun-1.3.13",
              "default": true
            }
          ],
          "store_path": "/nix/store/wn9cggwqflvqryxxb9xinl9iygndm8d9-bun-1.3.13"
        },
        "x86_64-linux": {
          "outputs": [
            {
              "name": "out",
              "path": "/nix/store/gzh2rx2sjwra135my0jw3va49hm7z4vf-bun-1.3.13",
              "default": true
            }
          ],
          "store_path": "/nix/store/gzh2rx2sjwra135my0jw3va49hm7z4vf-bun-1.3.13"
        }
      }
    },
    "claude-code@latest": {
      "last_modified": "2026-08-27T07:16:00Z",
      "resolved": "github:NixOS/nixpkgs/c27cdad491a991b11ed731760aa2ef8db0cb0410#claude-code",
      "source": "devbox-search",
      "version": "2.1.245",
      "systems": {
        "aarch64-darwin": {
          "outputs": [
            {
              "name": "out",
              "path": "/nix/store/bx59a90qzpvyapbyz4hwks81xsfw025s-claude-code-2.1.245",
              "default": true
            }
          ],
          "store_path": "/nix/store/bx59a90qzpvyapbyz4hwks81xsfw025s-claude-code-2.1.245"
        },
        "aarch64-linux": {
          "outputs": [
            {
              "name": "out",
              "path": "/nix/store/z9ispy7d612d2kpp7nrhj3v7pddzp3np-claude-code-2.1.245",
              "default": true
            }
          ],
          "store_path": "/nix/store/z9ispy7d612d2kpp7nrhj3v7pddzp3np-claude-code-2.1.245"
        },
        "x86_64-linux": {
          "outputs": [
            {
              "name": "out",
              "path": "/nix/store/k4z7dn65na1gngrpcs8l79vr2pv504dx-claude-code-2.1.245",
              "default": true
            }
          ],
          "store_path": "/nix/store/k4z7dn65na1gngrpcs8l79vr2pv504dx-claude-code-2.1.245"
        }
      }
    },
    "codex@latest": {
      "last_modified": "2026-08-27T07:16:00Z",
      "resolved": "github:NixOS/nixpkgs/c27cdad491a991b11ed731760aa2ef8db0cb0410#codex",
      "source": "devbox-search",
      "version": "0.149.0",
      "systems": {
        "aarch64-darwin": {
          "outputs": [
            {
              "name": "out",
              "path": "/nix/store/n4jycg5a0c63jfblg56y42qsx6dsxg7c-codex-0.149.0",
              "default": true
            }
          ],
          "store_path": "/nix/store/n4jycg5a0c63jfblg56y42qsx6dsxg7c-codex-0.149.0"
        },
        "aarch64-linux": {
          "outputs": [
            {
              "name": "out",
              "path": "/nix/store/4c6r0snmcjagpgng180h68gclgbi6nnn-codex-0.149.0",
              "default": true
            }
          ],
          "store_path": "/nix/store/4c6r0snmcjagpgng180h68gclgbi6nnn-codex-0.149.0"
        },
        "x86_64-linux": {
          "outputs": [
            {
              "name": "out",
              "path": "/nix/store/19iqxqi2jyiz21sixa5vj9q9s118v2sh-codex-0.149.0",
              "default": true
            }
          ],
          "store_path": "/nix/store/19iqxqi2jyiz21sixa5vj9q9s118v2sh-codex-0.149.0"
        }
      }
    },
    "delta@latest": {
      "last_modified": "2026-08-27T07:16:00Z",
      "resolved": "github:NixOS/nixpkgs/c27cdad491a991b11ed731760aa2ef8db0cb0410#delta",
      "source": "devbox-search",
      "version": "0.19.2",
      "systems": {
        "aarch64-darwin": {
          "outputs": [
            {
              "name": "out",
              "path": "/nix/store/1nlrkly7yrf8gw2h2v87qgjym0pcbvlh-delta-0.19.2",
              "default": true
            }
          ],
          "store_path": "/nix/store/1nlrkly7yrf8gw2h2v87qgjym0pcbvlh-delta-0.19.2"
        },
        "aarch64-linux": {
          "outputs": [
            {
              "name": "out",
              "path": "/nix/store/pwlkc4lrv3v3hh5bpzgs6vyqx5h6fs99-delta-0.19.2",
              "default": true
            }
          ],
          "store_path": "/nix/store/pwlkc4lrv3v3hh5bpzgs6vyqx5h6fs99-delta-0.19.2"
        },
        "x86_64-darwin": {
          "outputs": [
            {
              "name": "out",
              "path": "/nix/store/l2qi2192h1iap9m7qyzz3911kb1kg0vd-delta-0.19.2",
              "default": true
            }
          ],
          "store_path": "/nix/store/l2qi2192h1iap9m7qyzz3911kb1kg0vd-delta-0.19.2"
        },
        "x86_64-linux": {
          "outputs": [
            {
              "name": "out",
              "path": "/nix/store/b1rpsfhi9lh7l0glyy9cmz6gclccr0kr-delta-0.19.2",
              "default": true
            }
          ],
          "store_path": "/nix/store/b1rpsfhi9lh7l0glyy9cmz6gclccr0kr-delta-0.19.2"
        }
      }
    },
    "fzf@latest": {
      "last_modified": "2026-08-27T07:16:00Z",
      "resolved": "github:NixOS/nixpkgs/c27cdad491a991b11ed731760aa2ef8db0cb0410#fzf",
      "source": "devbox-search",
      "version": "0.74.3",
      "systems": {
        "aarch64-darwin": {
          "outputs": [
            {
              "name": "out",
              "path": "/nix/store/7abbv8jr68frn2kg8qq0n74kriw548rw-fzf-0.74.3",
              "default": true
            },
            {
              "name": "man",
              "path": "/nix/store/x4xj68mi412yhm7wmy7686sm2pva614y-fzf-0.74.3-man",
              "default": true
            }
          ],
          "store_path": "/nix/store/7abbv8jr68frn2kg8qq0n74kriw548rw-fzf-0.74.3"
        },
        "aarch64-linux": {
          "outputs": [
            {
              "name": "out",
              "path": "/nix/store/8vg02a5v2z0zi5nb9kkygzz3qkhayf7c-fzf-0.74.3",
              "default": true
            },
            {
              "name": "man",
              "path": "/nix/store/fjfxi7vw05vir0yigf8c1g5rl6jn12xv-fzf-0.74.3-man",
              "default": true
            }
          ],
          "store_path": "/nix/store/8vg02a5v2z0zi5nb9kkygzz3qkhayf7c-fzf-0.74.3"
        },
        "x86_64-linux": {
          "outputs": [
            {
              "name": "out",
              "path": "/nix/store/a6yq1vjmqhwy5vw11mn3mrh9crzg7jxf-fzf-0.74.3",
              "default": true
            },
            {
              "name": "man",
              "path": "/nix/store/zs2z41mxwr56brs17kipjhjab2gwkc1x-fzf-0.74.3-man",
              "default": true
            }
          ],
          "store_path": "/nix/store/a6yq1vjmqhwy5vw11mn3mrh9crzg7jxf-fzf-0.74.3"
        }
      }
    },
    "gh@latest": {
      "last_modified": "2026-08-27T07:16:00Z",
      "resolved": "github:NixOS/nixpkgs/c27cdad491a991b11ed731760aa2ef8db0cb0410#gh",
      "source": "devbox-search",
      "version": "2.98.0",
      "systems": {
        "aarch64-darwin": {
          "outputs": [
            {
              "name": "out",
              "path": "/nix/store/y81ibbw74n6mskwsh54hnvwblkw33yzb-gh-2.98.0",
              "default": true
            }
          ],
          "store_path": "/nix/store/y81ibbw74n6mskwsh54hnvwblkw33yzb-gh-2.98.0"
        },
        "aarch64-linux": {
          "outputs": [
            {
              "name": "out",
              "path": "/nix/store/j5mb4f9a0vbi5r89i00f548z0y5j1kp7-gh-2.98.0",
              "default": true
            }
          ],
          "store_path": "/nix/store/j5mb4f9a0vbi5r89i00f548z0y5j1kp7-gh-2.98.0"
        },
        "x86_64-linux": {
          "outputs": [
            {
              "name": "out",
              "path": "/nix/store/dpiajg8vgzpaq74jc79j01fd5bja3cik-gh-2.98.0",
              "default": true
            }
          ],
          "store_path": "/nix/store/dpiajg8vgzpaq74jc79j01fd5bja3cik-gh-2.98.0"
        }
      }
    },
    "git@latest": {
      "last_modified": "2026-08-27T07:16:00Z",
      "resolved": "github:NixOS/nixpkgs/c27cdad491a991b11ed731760aa2ef8db0cb0410#git",
      "source": "devbox-search",
      "version": "2.55.0",
      "systems": {
        "aarch64-darwin": {
          "outputs": [
            {
              "name": "out",
              "path": "/nix/store/yqw09igi72yxpgy3d1b25vbh5l8rx227-git-2.55.0",
              "default": true
            },
            {
              "name": "doc",
              "path": "/nix/store/i8y217wsan9w8l62m7w2a0rrnmviaqqk-git-2.55.0-doc"
            }
          ],
          "store_path": "/nix/store/yqw09igi72yxpgy3d1b25vbh5l8rx227-git-2.55.0"
        },
        "aarch64-linux": {
          "outputs": [
            {
              "name": "out",
              "path": "/nix/store/clxhwm4v3gl0k3hazm0zpx14gz2w0clz-git-2.55.0",
              "default": true
            },
            {
              "name": "debug",
              "path": "/nix/store/1asxbx6r55sylz2ljdzk6404i0w28iri-git-2.55.0-debug"
            },
            {
              "name": "doc",
              "path": "/nix/store/ryn8xbxi2i1d2dharz9r7kb2ymqfgkyw-git-2.55.0-doc"
            }
          ],
          "store_path": "/nix/store/clxhwm4v3gl0k3hazm0zpx14gz2w0clz-git-2.55.0"
        },
        "x86_64-linux": {
          "outputs": [
            {
              "name": "out",
              "path": "/nix/store/8yjpgadavqdwphcd2kw4dfvxmgdp5sb3-git-2.55.0",
              "default": true
            },
            {
              "name": "debug",
              "path": "/nix/store/xf0wk67lvyxg1bkwi2rf6iszxlvj0yxj-git-2.55.0-debug"
            },
            {
              "name": "doc",
              "path": "/nix/store/yvx5ayi3k6gh8xgk9yxc9gpy0jb7f14l-git-2.55.0-doc"
            }
          ],
          "store_path": "/nix/store/8yjpgadavqdwphcd2kw4dfvxmgdp5sb3-git-2.55.0"
        }
      }
    },
    "github:NixOS/nixpkgs/nixpkgs-unstable": {
      "last_modified": "2026-09-06T09:21:42Z",
      "resolved": "github:NixOS/nixpkgs/94a0f8d9ca5da101ec1cddbdfecfdc1ae1766d04?lastModified=1788686502&narHash=sha256-C5ETRqK0ji2SGGVpjdsAIv%2BYd6m4vB6DOiGPQXP%2FM34%3D"
    },
    "gmailctl@latest": {
      "last_modified": "2026-08-27T07:16:00Z",
      "resolved": "github:NixOS/nixpkgs/c27cdad491a991b11ed731760aa2ef8db0cb0410#gmailctl",
      "source": "devbox-search",
      "version": "0.12.0",
      "systems": {
        "aarch64-darwin": {
          "outputs": [
            {
              "name": "out",
              "path": "/nix/store/wm4gzkgkrvrfh12ng5kp2xvnmi0r192c-gmailctl-0.12.0",
              "default": true
            }
          ],
          "store_path": "/nix/store/wm4gzkgkrvrfh12ng5kp2xvnmi0r192c-gmailctl-0.12.0"
        },
        "aarch64-linux": {
          "outputs": [
            {
              "name": "out",
              "path": "/nix/store/pfi6ccrgncdsl0l10q2a6f6i63nk4dnz-gmailctl-0.12.0",
              "default": true
            }
          ],
          "store_path": "/nix/store/pfi6ccrgncdsl0l10q2a6f6i63nk4dnz-gmailctl-0.12.0"
        },
        "x86_64-darwin": {
          "outputs": [
            {
              "name": "out",
              "path": "/nix/store/bya808inl1zm4sn3nz12971jmgrwrwfb-gmailctl-0.12.0",
              "default": true
            }
          ],
          "store_path": "/nix/store/bya808inl1zm4sn3nz12971jmgrwrwfb-gmailctl-0.12.0"
        },
        "x86_64-linux": {
          "outputs": [
            {
              "name": "out",
              "path": "/nix/store/06gvld76mh95jm6cddgnyvwmlz84zq2w-gmailctl-0.12.0",
              "default": true
            }
          ],
          "store_path": "/nix/store/06gvld76mh95jm6cddgnyvwmlz84zq2w-gmailctl-0.12.0"
        }
      }
    },
    "go@latest": {
      "last_modified": "2026-08-27T07:16:00Z",
      "resolved": "github:NixOS/nixpkgs/c27cdad491a991b11ed731760aa2ef8db0cb0410#go_1_27",
      "source": "devbox-search",
      "version": "1.27.0",
      "systems": {
        "aarch64-darwin": {
          "outputs": [
            {
              "name": "out",
              "path": "/nix/store/lz3qw52rpazqga73xgsqlj4qz1lgs4hg-go-1.27.0",
              "default": true
            }
          ],
          "store_path": "/nix/store/lz3qw52rpazqga73xgsqlj4qz1lgs4hg-go-1.27.0"
        },
        "aarch64-linux": {
          "outputs": [
            {
              "name": "out",
              "path": "/nix/store/zqjvg5805xkf6zsd8nrdvgbv58yw2phr-go-1.27.0",
              "default": true
            }
          ],
          "store_path": "/nix/store/zqjvg5805xkf6zsd8nrdvgbv58yw2phr-go-1.27.0"
        },
        "x86_64-linux": {
          "outputs": [
            {
              "name": "out",
              "path": "/nix/store/fibbp1k5gcpaxcin4dzk70yd056rfjhg-go-1.27.0",
              "default": true
            }
          ],
          "store_path": "/nix/store/fibbp1k5gcpaxcin4dzk70yd056rfjhg-go-1.27.0"
        }
      }
    },
    "htop@latest": {
      "last_modified": "2026-08-27T07:16:00Z",
      "resolved": "github:NixOS/nixpkgs/c27cdad491a991b11ed731760aa2ef8db0cb0410#htop",
      "source": "devbox-search",
      "version": "3.5.3",
      "systems": {
        "aarch64-darwin": {
          "outputs": [
            {
              "name": "out",
              "path": "/nix/store/rxl7nl691r6ny15w1fh5vc0d0xchxi46-htop-3.5.3",
              "default": true
            },
            {
              "name": "man",
              "path": "/nix/store/gxpiy82mrxwy10phf99k3pr4rv17zlnl-htop-3.5.3-man",
              "default": true
            }
          ],
          "store_path": "/nix/store/rxl7nl691r6ny15w1fh5vc0d0xchxi46-htop-3.5.3"
        },
        "aarch64-linux": {
          "outputs": [
            {
              "name": "out",
              "path": "/nix/store/r8avwhh7bj82aws5zm8qg11ddkncrn9z-htop-3.5.3",
              "default": true
            },
            {
              "name": "man",
              "path": "/nix/store/lgyybfs17lpgys183gg280i0q6mkvw6d-htop-3.5.3-man",
              "default": true
            }
          ],
          "store_path": "/nix/store/r8avwhh7bj82aws5zm8qg11ddkncrn9z-htop-3.5.3"
        },
        "x86_64-linux": {
          "outputs": [
            {
              "name": "out",
              "path": "/nix/store/9vbrbnpqbwslm4d6zdc4a5vs2hlnh1g5-htop-3.5.3",
              "default": true
            },
            {
              "name": "man",
              "path": "/nix/store/li8a6ih6b2l65n8sn19q290rfdvd9y0a-htop-3.5.3-man",
              "default": true
            }
          ],
          "store_path": "/nix/store/9vbrbnpqbwslm4d6zdc4a5vs2hlnh1g5-htop-3.5.3"
        }
      }
    },
    "jujutsu@latest": {
      "last_modified": "2026-08-27T07:16:00Z",
      "resolved": "github:NixOS/nixpkgs/c27cdad491a991b11ed731760aa2ef8db0cb0410#jujutsu",
      "source": "devbox-search",
      "version": "0.44.0",
      "systems": {
        "aarch64-darwin": {
          "outputs": [
            {
              "name": "out",
              "path": "/nix/store/lssnj3zacjjglpsbxifgsap602h2yssq-jujutsu-0.44.0",
              "default": true
            }
          ],
          "store_path": "/nix/store/lssnj3zacjjglpsbxifgsap602h2yssq-jujutsu-0.44.0"
        },
        "aarch64-linux": {
          "outputs": [
            {
              "name": "out",
              "path": "/nix/store/4f3hrr1aik4hazqlhxadva3j36z75j8n-jujutsu-0.44.0",
              "default": true
            }
          ],
          "store_path": "/nix/store/4f3hrr1aik4hazqlhxadva3j36z75j8n-jujutsu-0.44.0"
        },
        "x86_64-linux": {
          "outputs": [
            {
              "name": "out",
              "path": "/nix/store/vzrnnii3369cn2a2bgdlkx9gh6m297fj-jujutsu-0.44.0",
              "default": true
            }
          ],
          "store_path": "/nix/store/vzrnnii3369cn2a2bgdlkx9gh6m297fj-jujutsu-0.44.0"
        }
      }
    },
    "keep-sorted@latest": {
      "last_modified": "2026-08-27T07:16:00Z",
      "resolved": "github:NixOS/nixpkgs/c27cdad491a991b11ed731760aa2ef8db0cb0410#keep-sorted",
      "source": "devbox-search",
      "version": "0.9.0",
      "systems": {
        "aarch64-darwin": {
          "outputs": [
            {
              "name": "out",
              "path": "/nix/store/dwim91yz3qkmjwff2349r520aj8fnpr1-keep-sorted-0.9.0",
              "default": true
            }
          ],
          "store_path": "/nix/store/dwim91yz3qkmjwff2349r520aj8fnpr1-keep-sorted-0.9.0"
        },
        "aarch64-linux": {
          "outputs": [
            {
              "name": "out",
              "path": "/nix/store/rram8sibrcfy7h06d7rhrgy5fnynzk0p-keep-sorted-0.9.0",
              "default": true
            }
          ],
          "store_path": "/nix/store/rram8sibrcfy7h06d7rhrgy5fnynzk0p-keep-sorted-0.9.0"
        },
        "x86_64-darwin": {
          "outputs": [
            {
              "name": "out",
              "path": "/nix/store/77809c720174v84jhbxhici68b541nj9-keep-sorted-0.9.0",
              "default": true
            }
          ],
          "store_path": "/nix/store/77809c720174v84jhbxhici68b541nj9-keep-sorted-0.9.0"
        },
        "x86_64-linux": {
          "outputs": [
            {
              "name": "out",
              "path": "/nix/store/m66ihpa8pfg01pmx3d7sds9vwjxysvy9-keep-sorted-0.9.0",
              "default": true
            }
          ],
          "store_path": "/nix/store/m66ihpa8pfg01pmx3d7sds9vwjxysvy9-keep-sorted-0.9.0"
        }
      }
    },
    "micro@latest": {
      "last_modified": "2026-08-27T07:16:00Z",
      "resolved": "github:NixOS/nixpkgs/c27cdad491a991b11ed731760aa2ef8db0cb0410#micro",
      "source": "devbox-search",
      "version": "2.0.15",
      "systems": {
        "aarch64-darwin": {
          "outputs": [
            {
              "name": "out",
              "path": "/nix/store/vnxj1awcyxnjp873i7z6afy1vy1zl7hx-micro-2.0.15",
              "default": true
            },
            {
              "name": "man",
              "path": "/nix/store/x6pxpzq50yjmxfmnlpayqshvc9slcprs-micro-2.0.15-man",
              "default": true
            }
          ],
          "store_path": "/nix/store/vnxj1awcyxnjp873i7z6afy1vy1zl7hx-micro-2.0.15"
        },
        "aarch64-linux": {
          "outputs": [
            {
              "name": "out",
              "path": "/nix/store/vmd6clpinxczm67667jbvgbjh8hvaqb7-micro-2.0.15",
              "default": true
            },
            {
              "name": "man",
              "path": "/nix/store/dh5gbbz8n21mjjcbq8cpz8xm2mkjjvgl-micro-2.0.15-man",
              "default": true
            }
          ],
          "store_path": "/nix/store/vmd6clpinxczm67667jbvgbjh8hvaqb7-micro-2.0.15"
        },
        "x86_64-darwin": {
          "outputs": [
            {
              "name": "out",
              "path": "/nix/store/f8kmahlg7zidszmczmb2w0zwypc6hg24-micro-2.0.15",
              "default": true
            },
            {
              "name": "man",
              "path": "/nix/store/vicc9hmi589g2vlllnri1jspyw9sfbkr-micro-2.0.15-man",
              "default": true
            }
          ],
          "store_path": "/nix/store/f8kmahlg7zidszmczmb2w0zwypc6hg24-micro-2.0.15"
        },
        "x86_64-linux": {
          "outputs": [
            {
              "name": "out",
              "path": "/nix/store/z02crkvn4y0ck9zs3hsqaqxwk7y66j5h-micro-2.0.15",
              "default": true
            },
            {
              "name": "man",
              "path": "/nix/store/qdfv9abk2j5rr88xfvc2ymp7myy089hh-micro-2.0.15-man",
              "default": true
            }
          ],
          "store_path": "/nix/store/z02crkvn4y0ck9zs3hsqaqxwk7y66j5h-micro-2.0.15"
        }
      }
    },
    "mosh@latest": {
      "last_modified": "2026-08-27T07:16:00Z",
      "resolved": "github:NixOS/nixpkgs/c27cdad491a991b11ed731760aa2ef8db0cb0410#mosh",
      "source": "devbox-search",
      "version": "1.4.0",
      "systems": {
        "aarch64-darwin": {
          "outputs": [
            {
              "name": "out",
              "path": "/nix/store/662w9pa7n0qdzzr31lacpz3jxhn0wyia-mosh-1.4.0",
              "default": true
            }
          ],
          "store_path": "/nix/store/662w9pa7n0qdzzr31lacpz3jxhn0wyia-mosh-1.4.0"
        },
        "aarch64-linux": {
          "outputs": [
            {
              "name": "out",
              "path": "/nix/store/lwrzhi3jx704r7bqhbsgp5ddbhavhn1h-mosh-1.4.0",
              "default": true
            }
          ],
          "store_path": "/nix/store/lwrzhi3jx704r7bqhbsgp5ddbhavhn1h-mosh-1.4.0"
        },
        "x86_64-darwin": {
          "outputs": [
            {
              "name": "out",
              "path": "/nix/store/0nlpysgcif6a4mb5v6941g4b22ygip9n-mosh-1.4.0",
              "default": true
            }
          ],
          "store_path": "/nix/store/0nlpysgcif6a4mb5v6941g4b22ygip9n-mosh-1.4.0"
        },
        "x86_64-linux": {
          "outputs": [
            {
              "name": "out",
              "path": "/nix/store/qmgw09223w8krfdgcwjzkw14szyx1yfp-mosh-1.4.0",
              "default": true
            }
          ],
          "store_path": "/nix/store/qmgw09223w8krfdgcwjzkw14szyx1yfp-mosh-1.4.0"
        }
      }
    },
    "mutagen@latest": {
      "last_modified": "2026-08-27T07:16:00Z",
      "resolved": "github:NixOS/nixpkgs/c27cdad491a991b11ed731760aa2ef8db0cb0410#mutagen",
      "source": "devbox-search",
      "version": "0.18.1",
      "systems": {
        "aarch64-darwin": {
          "outputs": [
            {
              "name": "out",
              "path": "/nix/store/vk1ikw0zkddc2w0gfwbqz1k06pnkscqv-mutagen-0.18.1",
              "default": true
            }
          ],
          "store_path": "/nix/store/vk1ikw0zkddc2w0gfwbqz1k06pnkscqv-mutagen-0.18.1"
        },
        "aarch64-linux": {
          "outputs": [
            {
              "name": "out",
              "path": "/nix/store/s7qnbwkpcqnnkkjxzrzb9i5kf5lc76p9-mutagen-0.18.1",
              "default": true
            }
          ],
          "store_path": "/nix/store/s7qnbwkpcqnnkkjxzrzb9i5kf5lc76p9-mutagen-0.18.1"
        },
        "x86_64-darwin": {
          "outputs": [
            {
              "name": "out",
              "path": "/nix/store/77z2g6rlg8sf0b9zkzjg3q5v6hcgxdm7-mutagen-0.18.1",
              "default": true
            }
          ],
          "store_path": "/nix/store/77z2g6rlg8sf0b9zkzjg3q5v6hcgxdm7-mutagen-0.18.1"
        },
        "x86_64-linux": {
          "outputs": [
            {
              "name": "out",
              "path": "/nix/store/dwgjk5i6b8yvrpb5wizlmkwrhfy8hhl1-mutagen-0.18.1",
              "default": true
            }
          ],
          "store_path": "/nix/store/dwgjk5i6b8yvrpb5wizlmkwrhfy8hhl1-mutagen-0.18.1"
        }
      }
    },
    "pdftk@latest": {
      "last_modified": "2026-08-27T07:16:00Z",
      "resolved": "github:NixOS/nixpkgs/c27cdad491a991b11ed731760aa2ef8db0cb0410#pdftk",
      "source": "devbox-search",
      "version": "3.3.3",
      "systems": {
        "aarch64-darwin": {
          "outputs": [
            {
              "name": "out",
              "path": "/nix/store/5hk6aw02r9rpw009vln5s8m9xkm3ckd6-pdftk-3.3.3",
              "default": true
            }
          ],
          "store_path": "/nix/store/5hk6aw02r9rpw009vln5s8m9xkm3ckd6-pdftk-3.3.3"
        },
        "aarch64-linux": {
          "outputs": [
            {
              "name": "out",
              "path": "/nix/store/7y8bi9j9qldqc9v59jqz0x2rqlfpqywq-pdftk-3.3.3",
              "default": true
            }
          ],
          "store_path": "/nix/store/7y8bi9j9qldqc9v59jqz0x2rqlfpqywq-pdftk-3.3.3"
        },
        "x86_64-darwin": {
          "outputs": [
            {
              "name": "out",
              "path": "/nix/store/km3sizllcff5svmss3xap307amviwh3l-pdftk-3.3.3",
              "default": true
            }
          ],
          "store_path": "/nix/store/km3sizllcff5svmss3xap307amviwh3l-pdftk-3.3.3"
        },
        "x86_64-linux": {
          "outputs": [
            {
              "name": "out",
              "path": "/nix/store/b3nwvi8vfj5jbpm7ni16v8vc17dj3x24-pdftk-3.3.3",
              "default": true
            }
          ],
          "store_path": "/nix/store/b3nwvi8vfj5jbpm7ni16v8vc17dj3x24-pdftk-3.3.3"
        }
      }
    },
    "shellcheck@latest": {
      "last_modified": "2026-08-27T07:16:00Z",
      "resolved": "github:NixOS/nixpkgs/c27cdad491a991b11ed731760aa2ef8db0cb0410#shellcheck",
      "source": "devbox-search",
      "version": "0.11.0",
      "systems": {
        "aarch64-darwin": {
          "outputs": [
            {
              "name": "bin",
              "path": "/nix/store/c8zchzhhq3v981n8zfqj7gf21dyiy65z-shellcheck-0.11.0-bin",
              "default": true
            },
            {
              "name": "man",
              "path": "/nix/store/563byp5hdpc4bszgyysqydfbc4shyw0s-shellcheck-0.11.0-man",
              "default": true
            },
            {
              "name": "doc",
              "path": "/nix/store/jh6dz9lmzmp4rys49kzmy922jiic75n1-shellcheck-0.11.0-doc",
              "default": true
            },
            {
              "name": "out",
              "path": "/nix/store/148akv1lk672gj1aw7gjf0pspysig5vc-shellcheck-0.11.0"
            }
          ],
          "store_path": "/nix/store/c8zchzhhq3v981n8zfqj7gf21dyiy65z-shellcheck-0.11.0-bin"
        },
        "aarch64-linux": {
          "outputs": [
            {
              "name": "bin",
              "path": "/nix/store/ks14b5f8cnbk6ncfsgsrv3scp8w0d1in-shellcheck-0.11.0-bin",
              "default": true
            },
            {
              "name": "man",
              "path": "/nix/store/qqbjqi7irs0rlsm52jq04xkfc9gi63mz-shellcheck-0.11.0-man",
              "default": true
            },
            {
              "name": "doc",
              "path": "/nix/store/g7sm7qxwbpp6xcpn3arb0yaal37br62g-shellcheck-0.11.0-doc",
              "default": true
            },
            {
              "name": "out",
              "path": "/nix/store/h63z3w6xkxxhsdfvrzfxm515ffnribnq-shellcheck-0.11.0"
            }
          ],
          "store_path": "/nix/store/ks14b5f8cnbk6ncfsgsrv3scp8w0d1in-shellcheck-0.11.0-bin"
        },
        "x86_64-darwin": {
          "outputs": [
            {
              "name": "bin",
              "path": "/nix/store/68yldspq5p1gxa79ghprb1njskk36ax2-shellcheck-0.11.0-bin",
              "default": true
            },
            {
              "name": "man",
              "path": "/nix/store/90d8x14kmdq8fa12d5azjwdnp4z55q8b-shellcheck-0.11.0-man",
              "default": true
            },
            {
              "name": "doc",
              "path": "/nix/store/4sk9v7wwdh2sia6wi3rknvvvm52wqg6r-shellcheck-0.11.0-doc",
              "default": true
            },
            {
              "name": "out",
              "path": "/nix/store/crl9a7fkfbpjbzgwj5nwpj57bmj7z940-shellcheck-0.11.0"
            }
          ],
          "store_path": "/nix/store/68yldspq5p1gxa79ghprb1njskk36ax2-shellcheck-0.11.0-bin"
        },
        "x86_64-linux": {
          "outputs": [
            {
              "name": "bin",
              "path": "/nix/store/5bwp35yr32v0f6zx7x1w64y8bmxzzb8g-shellcheck-0.11.0-bin",
              "default": true
            },
            {
              "name": "man",
              "path": "/nix/store/cb7sx1ydhh35hmp4af1q1b0ppxljnyv8-shellcheck-0.11.0-man",
              "default": true
            },
            {
              "name": "doc",
              "path": "/nix/store/8glg7jn1763pqjj5473zpgnh5phmq326-shellcheck-0.11.0-doc",
              "default": true
            },
            {
              "name": "out",
              "path": "/nix/store/fjyd5kk7hgkppi70zmn5pi1w3arc93lw-shellcheck-0.11.0"
            }
          ],
          "store_path": "/nix/store/5bwp35yr32v0f6zx7x1w64y8bmxzzb8g-shellcheck-0.11.0-bin"
        }
      }
    },
    "src-cli@latest": {
      "last_modified": "2026-08-27T07:16:00Z",
      "resolved": "github:NixOS/nixpkgs/c27cdad491a991b11ed731760aa2ef8db0cb0410#src-cli",
      "source": "devbox-search",
      "version": "7.6.0",
      "systems": {
        "aarch64-darwin": {
          "outputs": [
            {
              "name": "out",
              "path": "/nix/store/rhizlh5jbin0mijq9ai2j0qsprnybbqd-src-cli-7.6.0",
              "default": true
            }
          ],
          "store_path": "/nix/store/rhizlh5jbin0mijq9ai2j0qsprnybbqd-src-cli-7.6.0"
        },
        "aarch64-linux": {
          "outputs": [
            {
              "name": "out",
              "path": "/nix/store/r2zy549nacd60cvzmw7x9cj0r0dh8g9l-src-cli-7.6.0",
              "default": true
            }
          ],
          "store_path": "/nix/store/r2zy549nacd60cvzmw7x9cj0r0dh8g9l-src-cli-7.6.0"
        },
        "x86_64-linux": {
          "outputs": [
            {
              "name": "out",
              "path": "/nix/store/krknis4bpc4h34vrcy0bkf0292wnyq12-src-cli-7.6.0",
              "default": true
            }
          ],
          "store_path": "/nix/store/krknis4bpc4h34vrcy0bkf0292wnyq12-src-cli-7.6.0"
        }
      }
    },
    "sshpass@latest": {
      "last_modified": "2026-08-27T07:16:00Z",
      "resolved": "github:NixOS/nixpkgs/c27cdad491a991b11ed731760aa2ef8db0cb0410#sshpass",
      "source": "devbox-search",
      "version": "1.10",
      "systems": {
        "aarch64-darwin": {
          "outputs": [
            {
              "name": "out",
              "path": "/nix/store/847sywnxn0528j4szin53xb9381aapqr-sshpass-1.10",
              "default": true
            }
          ],
          "store_path": "/nix/store/847sywnxn0528j4szin53xb9381aapqr-sshpass-1.10"
        },
        "aarch64-linux": {
          "outputs": [
            {
              "name": "out",
              "path": "/nix/store/6bcaigvf7dz7x9kv3nnxj2cacfjj5h3c-sshpass-1.10",
              "default": true
            }
          ],
          "store_path": "/nix/store/6bcaigvf7dz7x9kv3nnxj2cacfjj5h3c-sshpass-1.10"
        },
        "x86_64-darwin": {
          "outputs": [
            {
              "name": "out",
              "path": "/nix/store/30kr31149dx8mcnwnnav03i4fjaw0d09-sshpass-1.10",
              "default": true
            }
          ],
          "store_path": "/nix/store/30kr31149dx8mcnwnnav03i4fjaw0d09-sshpass-1.10"
        },
        "x86_64-linux": {
          "outputs": [
            {
              "name": "out",
              "path": "/nix/store/xwpbf4n3ljnm9rspfhysvr2qvvkgpwdg-sshpass-1.10",
              "default": true
            }
          ],
          "store_path": "/nix/store/xwpbf4n3ljnm9rspfhysvr2qvvkgpwdg-sshpass-1.10"
        }
      }
    },
    "tmux@latest": {
      "last_modified": "2026-06-29T11:10:55Z",
      "resolved": "github:NixOS/nixpkgs/9c4c05a947a91dc14625265fab505fb695e93218#tmux",
      "source": "devbox-search",
      "version": "3.7",
      "systems": {
        "aarch64-darwin": {
          "outputs": [
            {
              "name": "out",
              "path": "/nix/store/qwv02z5zz1w5a7zp9f5n9cvya9irsi0d-tmux-3.7",
              "default": true
            },
            {
              "name": "man",
              "path": "/nix/store/9bp371vjn5ahs9z95mya79am375pnydd-tmux-3.7-man",
              "default": true
            }
          ],
          "store_path": "/nix/store/qwv02z5zz1w5a7zp9f5n9cvya9irsi0d-tmux-3.7"
        },
        "aarch64-linux": {
          "outputs": [
            {
              "name": "out",
              "path": "/nix/store/6casznjgcl0746l8lm96206g0c2wcqic-tmux-3.7",
              "default": true
            },
            {
              "name": "man",
              "path": "/nix/store/zpywda5dy8fd7y047rznkyqi0bxv4ncg-tmux-3.7-man",
              "default": true
            }
          ],
          "store_path": "/nix/store/6casznjgcl0746l8lm96206g0c2wcqic-tmux-3.7"
        },
        "x86_64-darwin": {
          "outputs": [
            {
              "name": "out",
              "path": "/nix/store/jqlg9gi2h0hna454yq9z3kvgppj5slg8-tmux-3.7",
              "default": true
            },
            {
              "name": "man",
              "path": "/nix/store/axwf2as5yqmj73b312ym10n07f9gzzif-tmux-3.7-man",
              "default": true
            }
          ],
          "store_path": "/nix/store/jqlg9gi2h0hna454yq9z3kvgppj5slg8-tmux-3.7"
        },
        "x86_64-linux": {
          "outputs": [
            {
              "name": "out",
              "path": "/nix/store/7gymypzb9vclhpwphkya6x1ykpf4gkx2-tmux-3.7",
              "default": true
            },
            {
              "name": "man",
              "path": "/nix/store/0h9lbd8msi4i7blxldxzc0jb4b1k10r0-tmux-3.7-man",
              "default": true
            }
          ],
          "store_path": "/nix/store/7gymypzb9vclhpwphkya6x1ykpf4gkx2-tmux-3.7"
        }
      }
    },
    "uv@latest": {
      "last_modified": "2026-08-27T07:16:00Z",
      "resolved": "github:NixOS/nixpkgs/c27cdad491a991b11ed731760aa2ef8db0cb0410#uv",
      "source": "devbox-search",
      "version": "0.12.5",
      "systems": {
        "aarch64-darwin": {
          "outputs": [
            {
              "name": "out",
              "path": "/nix/store/71zq15rr7i4avy58y89hfgf2lhp3b7la-uv-0.12.5",
              "default": true
            }
          ],
          "store_path": "/nix/store/71zq15rr7i4avy58y89hfgf2lhp3b7la-uv-0.12.5"
        },
        "aarch64-linux": {
          "outputs": [
            {
              "name": "out",
              "path": "/nix/store/s2pqw31dkyrcym72fcdn0h9myl0yy9ix-uv-0.12.5",
              "default": true
            }
          ],
          "store_path": "/nix/store/s2pqw31dkyrcym72fcdn0h9myl0yy9ix-uv-0.12.5"
        },
        "x86_64-linux": {
          "outputs": [
            {
              "name": "out",
              "path": "/nix/store/v6av5m4035ds4558ax9sh0ywwnkjnd7b-uv-0.12.5",
              "default": true
            }
          ],
          "store_path": "/nix/store/v6av5m4035ds4558ax9sh0ywwnkjnd7b-uv-0.12.5"
        }
      }
    },
    "viddy@latest": {
      "last_modified": "2026-08-27T07:16:00Z",
      "resolved": "github:NixOS/nixpkgs/c27cdad491a991b11ed731760aa2ef8db0cb0410#viddy",
      "source": "devbox-search",
      "version": "1.3.1",
      "systems": {
        "aarch64-darwin": {
          "outputs": [
            {
              "name": "out",
              "path": "/nix/store/ch0bv6lwz9qpx6gkjs6fnkak15s3sxpy-viddy-1.3.1",
              "default": true
            }
          ],
          "store_path": "/nix/store/ch0bv6lwz9qpx6gkjs6fnkak15s3sxpy-viddy-1.3.1"
        },
        "aarch64-linux": {
          "outputs": [
            {
              "name": "out",
              "path": "/nix/store/2nbzm02z525v5p5jy5hq281x6g5i63vd-viddy-1.3.1",
              "default": true
            }
          ],
          "store_path": "/nix/store/2nbzm02z525v5p5jy5hq281x6g5i63vd-viddy-1.3.1"
        },
        "x86_64-darwin": {
          "outputs": [
            {
              "name": "out",
              "path": "/nix/store/swqk0ksaahrc554m2p3bd76p2j5gkdwv-viddy-1.3.1",
              "default": true
            }
          ],
          "store_path": "/nix/store/swqk0ksaahrc554m2p3bd76p2j5gkdwv-viddy-1.3.1"
        },
        "x86_64-linux": {
          "outputs": [
            {
              "name": "out",
              "path": "/nix/store/i7z5x9a4g813li0zf4mw0ijsy9q6nbwx-viddy-1.3.1",
              "default": true
            }
          ],
          "store_path": "/nix/store/i7z5x9a4g813li0zf4mw0ijsy9q6nbwx-viddy-1.3.1"
        }
      }
    },
    "watchman@latest": {
      "last_modified": "2026-08-27T07:16:00Z",
      "resolved": "github:NixOS/nixpkgs/c27cdad491a991b11ed731760aa2ef8db0cb0410#watchman",
      "source": "devbox-search",
      "version": "2026.07.27.00",
      "systems": {
        "aarch64-darwin": {
          "outputs": [
            {
              "name": "out",
              "path": "/nix/store/c9qhli1sdrlqb0ck27mhay3lygjq7jvq-watchman-2026.07.27.00",
              "default": true
            }
          ],
          "store_path": "/nix/store/c9qhli1sdrlqb0ck27mhay3lygjq7jvq-watchman-2026.07.27.00"
        },
        "aarch64-linux": {
          "outputs": [
            {
              "name": "out",
              "path": "/nix/store/am3rl6b136j891n0xl9vxssh5cf48n7k-watchman-2026.07.27.00",
              "default": true
            }
          ],
          "store_path": "/nix/store/am3rl6b136j891n0xl9vxssh5cf48n7k-watchman-2026.07.27.00"
        },
        "x86_64-linux": {
          "outputs": [
            {
              "name": "out",
              "path": "/nix/store/m12cfb146gpa1n5k4x9jd2907kdd0ylg-watchman-2026.07.27.00",
              "default": true
            }
          ],
          "store_path": "/nix/store/m12cfb146gpa1n5k4x9jd2907kdd0ylg-watchman-2026.07.27.00"
        }
      }
    },
    "zsh-abbr@latest": {
      "last_modified": "2026-08-27T07:16:00Z",
      "resolved": "github:NixOS/nixpkgs/c27cdad491a991b11ed731760aa2ef8db0cb0410#zsh-abbr",
      "source": "devbox-search",
      "version": "6.5.2",
      "systems": {
        "aarch64-darwin": {
          "outputs": [
            {
              "name": "out",
              "path": "/nix/store/lfs75zvjwrzkzq2vx1x9nh96yxfhlg38-zsh-abbr-6.5.2",
              "default": true
            }
          ],
          "store_path": "/nix/store/lfs75zvjwrzkzq2vx1x9nh96yxfhlg38-zsh-abbr-6.5.2"
        },
        "aarch64-linux": {
          "outputs": [
            {
              "name": "out",
              "path": "/nix/store/10zvpsxpvczm54b80y9584jc0v17wq22-zsh-abbr-6.5.2",
              "default": true
            }
          ],
          "store_path": "/nix/store/10zvpsxpvczm54b80y9584jc0v17wq22-zsh-abbr-6.5.2"
        },
        "x86_64-darwin": {
          "outputs": [
            {
              "name": "out",
              "path": "/nix/store/2x2zgl5rv4sxrvvga1zv05r6svx1q13v-zsh-abbr-6.5.2",
              "default": true
            }
          ],
          "store_path": "/nix/store/2x2zgl5rv4sxrvvga1zv05r6svx1q13v-zsh-abbr-6.5.2"
        },
        "x86_64-linux": {
          "outputs": [
            {
              "name": "out",
              "path": "/nix/store/nn0b102lq435x1qrm0mqc6l9110jl4dj-zsh-abbr-6.5.2",
              "default": true
            }
          ],
          "store_path": "/nix/store/nn0b102lq435x1qrm0mqc6l9110jl4dj-zsh-abbr-6.5.2"
        }
      }
    },
    "zsh@latest": {
      "last_modified": "2026-08-29T00:50:12Z",
      "resolved": "github:NixOS/nixpkgs/e8be7818e19ada32105a8af937a6a473b38167ca#zsh",
      "source": "devbox-search",
      "version": "5.9.2",
      "systems": {
        "aarch64-darwin": {
          "outputs": [
            {
              "name": "out",
              "path": "/nix/store/8sgagqhbvs40blswi3my0kc1l6r4sw8c-zsh-5.9.2",
              "default": true
            },
            {
              "name": "man",
              "path": "/nix/store/h9j92vr4wjnbpiks3cg2gkdn1qlyx8h7-zsh-5.9.2-man",
              "default": true
            },
            {
              "name": "doc",
              "path": "/nix/store/9m4ni6kjk15qv8apl2wfpwp767iy3h6l-zsh-5.9.2-doc"
            },
            {
              "name": "info",
              "path": "/nix/store/zjb2iw28bhwgvggall2qbks30n19fvqs-zsh-5.9.2-info"
            }
          ],
          "store_path": "/nix/store/8sgagqhbvs40blswi3my0kc1l6r4sw8c-zsh-5.9.2"
        },
        "aarch64-linux": {
          "outputs": [
            {
              "name": "out",
              "path": "/nix/store/6glkjhrmmy8sm55fl61h7p6ypdapdrlp-zsh-5.9.2",
              "default": true
            },
            {
              "name": "man",
              "path": "/nix/store/khmx23kdhrzjm9ccamak56gxl3a8s2nk-zsh-5.9.2-man",
              "default": true
            },
            {
              "name": "doc",
              "path": "/nix/store/a723wfgbimsbfpbcfhsl93fl44vyr4pw-zsh-5.9.2-doc"
            },
            {
              "name": "info",
              "path": "/nix/store/qjm923znlydpfsk0l7n02yyp2ygv19q8-zsh-5.9.2-info"
            }
          ],
          "store_path": "/nix/store/6glkjhrmmy8sm55fl61h7p6ypdapdrlp-zsh-5.9.2"
        },
        "x86_64-linux": {
          "outputs": [
            {
              "name": "out",
              "path": "/nix/store/5vp1hcqpm1p4bdifjpzmyvj5qlwddb6v-zsh-5.9.2",
              "default": true
            },
            {
              "name": "man",
              "path": "/nix/store/z6ximbfm8khcc3ajyzh0v22p077wczhj-zsh-5.9.2-man",
              "default": true
            },
            {
              "name": "info",
              "path": "/nix/store/f7163wpah4jq1nazpjf24x2s60zxqxw1-zsh-5.9.2-info"
            },
            {
              "name": "doc",
              "path": "/nix/store/d91y8lwss49j4s4g76b09n9z91cf6zfv-zsh-5.9.2-doc"
            }
          ],
          "store_path": "/nix/store/5vp1hcqpm1p4bdifjpzmyvj5qlwddb6v-zsh-5.9.2"
        }
      }
    }
  }
}
